
Microsoft Visual Studio Solution File, Format Version 12.00
# Visual Studio Version 16
VisualStudioVersion = 16.0.31019.35
MinimumVisualStudioVersion = 10.0.40219.1
Project("{FAE04EC0-301F-11D3-BF4B-00C04F79EFBC}") = "DonationWebAPI", "DonationWebAPI\DonationWebAPI.csproj", "{4DEF3B0C-5187-4D62-9D78-7D3470AFEFD6}"
EndProject
Project("{FAE04EC0-301F-11D3-BF4B-00C04F79EFBC}") = "BLDonation", "BLDonation\BLDonation.csproj", "{87E33DB3-F3B1-41B1-8B46-BA705E052694}"
EndProject
Project("{FAE04EC0-301F-11D3-BF4B-00C04F79EFBC}") = "DalDonation", "DalDonation\DalDonation.csproj", "{5E6C13CF-3ACD-4D40-8775-89B2D22BCDED}"
EndProject
Global
	GlobalSection(SolutionConfigurationPlatforms) = preSolution
		Debug|Any CPU = Debug|Any CPU
		Release|Any CPU = Release|Any CPU
	EndGlobalSection
	GlobalSection(ProjectConfigurationPlatforms) = postSolution
		{4DEF3B0C-5187-4D62-9D78-7D3470AFEFD6}.Debug|Any CPU.ActiveCfg = Debug|Any CPU
		{4DEF3B0C-5187-4D62-9D78-7D3470AFEFD6}.Debug|Any CPU.Build.0 = Debug|Any CPU
		{4DEF3B0C-5187-4D62-9D78-7D3470AFEFD6}.Release|Any CPU.ActiveCfg = Release|Any CPU
		{4DEF3B0C-5187-4D62-9D78-7D3470AFEFD6}.Release|Any CPU.Build.0 = Release|Any CPU
		{87E33DB3-F3B1-41B1-8B46-BA705E052694}.Debug|Any CPU.ActiveCfg = Debug|Any CPU
		{87E33DB3-F3B1-41B1-8B46-BA705E052694}.Debug|Any CPU.Build.0 = Debug|Any CPU
		{87E33DB3-F3B1-41B1-8B46-BA705E052694}.Release|Any CPU.ActiveCfg = Release|Any CPU
		{87E33DB3-F3B1-41B1-8B46-BA705E052694}.Release|Any CPU.Build.0 = Release|Any CPU
		{5E6C13CF-3ACD-4D40-8775-89B2D22BCDED}.Debug|Any CPU.ActiveCfg = Debug|Any CPU
		{5E6C13CF-3ACD-4D40-8775-89B2D22BCDED}.Debug|Any CPU.Build.0 = Debug|Any CPU
		{5E6C13CF-3ACD-4D40-8775-89B2D22BCDED}.Release|Any CPU.ActiveCfg = Release|Any CPU
		{5E6C13CF-3ACD-4D40-8775-89B2D22BCDED}.Release|Any CPU.Build.0 = Release|Any CPU
	EndGlobalSection
	GlobalSection(SolutionProperties) = preSolution
		HideSolutionNode = FALSE
	EndGlobalSection
	GlobalSection(ExtensibilityGlobals) = postSolution
		SolutionGuid = {C4331B47-F178-48AD-B883-31344F4CA1F1}
	EndGlobalSection
EndGlobal
